
Microsoft Visual Studio Solution File, Format Version 12.00
# Visual Studio Version 16
VisualStudioVersion = 16.0.29728.190
MinimumVisualStudioVersion = 10.0.40219.1
Project("{FAE04EC0-301F-11D3-BF4B-00C04F79EFBC}") = "ScriptLibrary", "ScriptLibrary.csproj", "{35781A78-D284-4860-AED4-FDAB18CA80F2}"
EndProject
Global
	GlobalSection(SolutionConfigurationPlatforms) = preSolution
		Debug|Any CPU = Debug|Any CPU
	EndGlobalSection
	GlobalSection(ProjectConfigurationPlatforms) = postSolution
		{35781A78-D284-4860-AED4-FDAB18CA80F2}.Debug|Any CPU.ActiveCfg = Debug|Any CPU
		{35781A78-D284-4860-AED4-FDAB18CA80F2}.Debug|Any CPU.Build.0 = Debug|Any CPU
	EndGlobalSection
	GlobalSection(SolutionProperties) = preSolution
		HideSolutionNode = FALSE
	EndGlobalSection
	GlobalSection(ExtensibilityGlobals) = postSolution
		SolutionGuid = {6DC785BF-2CBE-460E-9457-32F26A7AB904}
	EndGlobalSection
EndGlobal
